// !$*UTF8*$!
{
	archiveVersion = 1;
	classes = {
	};
	objectVersion = 77;
	objects = {

/* Begin PBXBuildFile section */
		A1715E3F2ED4277500FAC5BC /* Supabase in Frameworks */ = {isa = PBXBuildFile; productRef = A1715E3E2ED4277500FAC5BC /* Supabase */; };
		A1B1BBAD2ED422F100FB58D5 /* Auth in Frameworks */ = {isa = PBXBuildFile; productRef = A1B1BBAC2ED422F100FB58D5 /* Auth */; };
		A1B1BBAF2ED422F100FB58D5 /* Functions in Frameworks */ = {isa = PBXBuildFile; productRef = A1B1BBAE2ED422F100FB58D5 /* Functions */; };
		A1B1BBB12ED422F100FB58D5 /* PostgREST in Frameworks */ = {isa = PBXBuildFile; productRef = A1B1BBB02ED422F100FB58D5 /* PostgREST */; };
		A1B1BBB32ED422F100FB58D5 /* Realtime in Frameworks */ = {isa = PBXBuildFile; productRef = A1B1BBB22ED422F100FB58D5 /* Realtime */; };
		A1B1BBB52ED422F100FB58D5 /* Storage in Frameworks */ = {isa = PBXBuildFile; productRef = A1B1BBB42ED422F100FB58D5 /* Storage */; };
/* End PBXBuildFile section */

/* Begin PBXContainerItemProxy section */
		A171611D2ED7576200FAC5BC /* PBXContainerItemProxy */ = {
			isa = PBXContainerItemProxy;
			containerPortal = 513B48122EC8F1B3000AECD6 /* Project object */;
			proxyType = 1;
			remoteGlobalIDString = 513B48192EC8F1B3000AECD6;
			remoteInfo = KapitosApp;
		};
/* End PBXContainerItemProxy section */

/* Begin PBXFileReference section */
		513B481A2EC8F1B3000AECD6 /* KapitosApp.app */ = {isa = PBXFileReference; explicitFileType = wrapper.application; includeInIndex = 0; path = KapitosApp.app; sourceTree = BUILT_PRODUCTS_DIR; };
		A17161192ED7576200FAC5BC /* KapitosAppTests.xctest */ = {isa = PBXFileReference; explicitFileType = wrapper.cfbundle; includeInIndex = 0; path = KapitosAppTests.xctest; sourceTree = BUILT_PRODUCTS_DIR; };
/* End PBXFileReference section */

/* Begin PBXFileSystemSynchronizedBuildFileExceptionSet section */
		A14378E02EE2B74A008EEBDE /* Exceptions for "KapitosApp" folder in "KapitosApp" target */ = {
			isa = PBXFileSystemSynchronizedBuildFileExceptionSet;
			membershipExceptions = (
				Info.plist,
			);
			target = 513B48192EC8F1B3000AECD6 /* KapitosApp */;
		};
/* End PBXFileSystemSynchronizedBuildFileExceptionSet section */

/* Begin PBXFileSystemSynchronizedRootGroup section */
		513B481C2EC8F1B3000AECD6 /* KapitosApp */ = {
			isa = PBXFileSystemSynchronizedRootGroup;
			exceptions = (
				A14378E02EE2B74A008EEBDE /* Exceptions for "KapitosApp" folder in "KapitosApp" target */,
			);
			path = KapitosApp;
			sourceTree = "<group>";
		};
		A171611A2ED7576200FAC5BC /* KapitosAppTests */ = {
			isa = PBXFileSystemSynchronizedRootGroup;
			path = KapitosAppTests;
			sourceTree = "<group>";
		};
/* End PBXFileSystemSynchronizedRootGroup section */

/* Begin PBXFrameworksBuildPhase section */
		513B48172EC8F1B3000AECD6 /* Frameworks */ = {
			isa = PBXFrameworksBuildPhase;
			buildActionMask = 2147483647;
			files = (
				A1B1BBB12ED422F100FB58D5 /* PostgREST in Frameworks */,
				A1B1BBAF2ED422F100FB58D5 /* Functions in Frameworks */,
				A1715E3F2ED4277500FAC5BC /* Supabase in Frameworks */,
				A1B1BBAD2ED422F100FB58D5 /* Auth in Frameworks */,
				A1B1BBB52ED422F100FB58D5 /* Storage in Frameworks */,
				A1B1BBB32ED422F100FB58D5 /* Realtime in Frameworks */,
			);
			runOnlyForDeploymentPostprocessing = 0;
		};
		A17161162ED7576200FAC5BC /* Frameworks */ = {
			isa = PBXFrameworksBuildPhase;
			buildActionMask = 2147483647;
			files = (
			);
			runOnlyForDeploymentPostprocessing = 0;
		};
/* End PBXFrameworksBuildPhase section */

/* Begin PBXGroup section */
		513B48112EC8F1B3000AECD6 = {
			isa = PBXGroup;
			children = (
				513B481C2EC8F1B3000AECD6 /* KapitosApp */,
				A171611A2ED7576200FAC5BC /* KapitosAppTests */,
				A1715E3D2ED4276300FAC5BC /* Frameworks */,
				513B481B2EC8F1B3000AECD6 /* Products */,
			);
			sourceTree = "<group>";
		};
		513B481B2EC8F1B3000AECD6 /* Products */ = {
			isa = PBXGroup;
			children = (
				513B481A2EC8F1B3000AECD6 /* KapitosApp.app */,
				A17161192ED7576200FAC5BC /* KapitosAppTests.xctest */,
			);
			name = Products;
			sourceTree = "<group>";
		};
		A1715E3D2ED4276300FAC5BC /* Frameworks */ = {
			isa = PBXGroup;
			children = (
			);
			name = Frameworks;
			sourceTree = "<group>";
		};
/* End PBXGroup section */

/* Begin PBXNativeTarget section */
		513B48192EC8F1B3000AECD6 /* KapitosApp */ = {
			isa = PBXNativeTarget;
			buildConfigurationList = 513B48252EC8F1BD000AECD6 /* Build configuration list for PBXNativeTarget "KapitosApp" */;
			buildPhases = (
				513B48162EC8F1B3000AECD6 /* Sources */,
				513B48172EC8F1B3000AECD6 /* Frameworks */,
				513B48182EC8F1B3000AECD6 /* Resources */,
			);
			buildRules = (
			);
			dependencies = (
			);
			fileSystemSynchronizedGroups = (
				513B481C2EC8F1B3000AECD6 /* KapitosApp */,
			);
			name = KapitosApp;
			packageProductDependencies = (
				A1B1BBAC2ED422F100FB58D5 /* Auth */,
				A1B1BBAE2ED422F100FB58D5 /* Functions */,
				A1B1BBB02ED422F100FB58D5 /* PostgREST */,
				A1B1BBB22ED422F100FB58D5 /* Realtime */,
				A1B1BBB42ED422F100FB58D5 /* Storage */,
				A1715E3E2ED4277500FAC5BC /* Supabase */,
			);
			productName = KapitosApp;
			productReference = 513B481A2EC8F1B3000AECD6 /* KapitosApp.app */;
			productType = "com.apple.product-type.application";
		};
		A17161182ED7576200FAC5BC /* KapitosAppTests */ = {
			isa = PBXNativeTarget;
			buildConfigurationList = A171611F2ED7576200FAC5BC /* Build configuration list for PBXNativeTarget "KapitosAppTests" */;
			buildPhases = (
				A17161152ED7576200FAC5BC /* Sources */,
				A17161162ED7576200FAC5BC /* Frameworks */,
				A17161172ED7576200FAC5BC /* Resources */,
			);
			buildRules = (
			);
			dependencies = (
				A171611E2ED7576200FAC5BC /* PBXTargetDependency */,
			);
			fileSystemSynchronizedGroups = (
				A171611A2ED7576200FAC5BC /* KapitosAppTests */,
			);
			name = KapitosAppTests;
			packageProductDependencies = (
			);
			productName = KapitosAppTests;
			productReference = A17161192ED7576200FAC5BC /* KapitosAppTests.xctest */;
			productType = "com.apple.product-type.bundle.unit-test";
		};
/* End PBXNativeTarget section */

/* Begin PBXProject section */
		513B48122EC8F1B3000AECD6 /* Project object */ = {
			isa = PBXProject;
			attributes = {
				BuildIndependentTargetsInParallel = 1;
				LastSwiftUpdateCheck = 2600;
				LastUpgradeCheck = 2600;
				TargetAttributes = {
					513B48192EC8F1B3000AECD6 = {
						CreatedOnToolsVersion = 26.0.1;
					};
					A17161182ED7576200FAC5BC = {
						CreatedOnToolsVersion = 26.0.1;
						TestTargetID = 513B48192EC8F1B3000AECD6;
					};
				};
			};
			buildConfigurationList = 513B48152EC8F1B3000AECD6 /* Build configuration list for PBXProject "KapitosApp" */;
			developmentRegion = en;
			hasScannedForEncodings = 0;
			knownRegions = (
				en,
				Base,
			);
			mainGroup = 513B48112EC8F1B3000AECD6;
			minimizedProjectReferenceProxies = 1;
			packageReferences = (
				A1B1BBAB2ED422F100FB58D5 /* XCRemoteSwiftPackageReference "supabase-swift" */,
			);
			preferredProjectObjectVersion = 77;
			productRefGroup = 513B481B2EC8F1B3000AECD6 /* Products */;
			projectDirPath = "";
			projectRoot = "";
			targets = (
				513B48192EC8F1B3000AECD6 /* KapitosApp */,
				A17161182ED7576200FAC5BC /* KapitosAppTests */,
			);
		};
/* End PBXProject section */

/* Begin PBXResourcesBuildPhase section */
		513B48182EC8F1B3000AECD6 /* Resources */ = {
			isa = PBXResourcesBuildPhase;
			buildActionMask = 2147483647;
			files = (
			);
			runOnlyForDeploymentPostprocessing = 0;
		};
		A17161172ED7576200FAC5BC /* Resources */ = {
			isa = PBXResourcesBuildPhase;
			buildActionMask = 2147483647;
			files = (
			);
			runOnlyForDeploymentPostprocessing = 0;
		};
/* End PBXResourcesBuildPhase section */

/* Begin PBXSourcesBuildPhase section */
		513B48162EC8F1B3000AECD6 /* Sources */ = {
			isa = PBXSourcesBuildPhase;
			buildActionMask = 2147483647;
			files = (
			);
			runOnlyForDeploymentPostprocessing = 0;
		};
		A17161152ED7576200FAC5BC /* Sources */ = {
			isa = PBXSourcesBuildPhase;
			buildActionMask = 2147483647;
			files = (
			);
			runOnlyForDeploymentPostprocessing = 0;
		};
/* End PBXSourcesBuildPhase section */

/* Begin PBXTargetDependency section */
		A171611E2ED7576200FAC5BC /* PBXTargetDependency */ = {
			isa = PBXTargetDependency;
			target = 513B48192EC8F1B3000AECD6 /* KapitosApp */;
			targetProxy = A171611D2ED7576200FAC5BC /* PBXContainerItemProxy */;
		};
/* End PBXTargetDependency section */

/* Begin XCBuildConfiguration section */
		513B48232EC8F1BD000AECD6 /* Debug */ = {
			isa = XCBuildConfiguration;
			buildSettings = {
				ALWAYS_SEARCH_USER_PATHS = NO;
				ASSETCATALOG_COMPILER_GENERATE_SWIFT_ASSET_SYMBOL_EXTENSIONS = YES;
				CLANG_ANALYZER_NONNULL = YES;
				CLANG_ANALYZER_NUMBER_OBJECT_CONVERSION = YES_AGGRESSIVE;
				CLANG_CXX_LANGUAGE_STANDARD = "gnu++20";
				CLANG_ENABLE_MODULES = YES;
				CLANG_ENABLE_OBJC_ARC = YES;
				CLANG_ENABLE_OBJC_WEAK = YES;
				CLANG_WARN_BLOCK_CAPTURE_AUTORELEASING = YES;
				CLANG_WARN_BOOL_CONVERSION = YES;
				CLANG_WARN_COMMA = YES;
				CLANG_WARN_CONSTANT_CONVERSION = YES;
				CLANG_WARN_DEPRECATED_OBJC_IMPLEMENTATIONS = YES;
				CLANG_WARN_DIRECT_OBJC_ISA_USAGE = YES_ERROR;
				CLANG_WARN_DOCUMENTATION_COMMENTS = YES;
				CLANG_WARN_EMPTY_BODY = YES;
				CLANG_WARN_ENUM_CONVERSION = YES;
				CLANG_WARN_INFINITE_RECURSION = YES;
				CLANG_WARN_INT_CONVERSION = YES;
				CLANG_WARN_NON_LITERAL_NULL_CONVERSION = YES;
				CLANG_WARN_OBJC_IMPLICIT_RETAIN_SELF = YES;
				CLANG_WARN_OBJC_LITERAL_CONVERSION = YES;
				CLANG_WARN_OBJC_ROOT_CLASS = YES_ERROR;
				CLANG_WARN_QUOTED_INCLUDE_IN_FRAMEWORK_HEADER = YES;
				CLANG_WARN_RANGE_LOOP_ANALYSIS = YES;
				CLANG_WARN_STRICT_PROTOTYPES = YES;
				CLANG_WARN_SUSPICIOUS_MOVE = YES;
				CLANG_WARN_UNGUARDED_AVAILABILITY = YES_AGGRESSIVE;
				CLANG_WARN_UNREACHABLE_CODE = YES;
				CLANG_WARN__DUPLICATE_METHOD_MATCH = YES;
				COPY_PHASE_STRIP = NO;
				DEBUG_INFORMATION_FORMAT = dwarf;
				DEFINES_MODULE = YES;
				DEVELOPMENT_TEAM = JLJHA5D6V7;
				ENABLE_STRICT_OBJC_MSGSEND = YES;
				ENABLE_TESTABILITY = YES;
				ENABLE_USER_SCRIPT_SANDBOXING = YES;
				GCC_C_LANGUAGE_STANDARD = gnu17;
				GCC_DYNAMIC_NO_PIC = NO;
				GCC_NO_COMMON_BLOCKS = YES;
				GCC_OPTIMIZATION_LEVEL = 0;
				GCC_PREPROCESSOR_DEFINITIONS = (
					"DEBUG=1",
					"$(inherited)",
				);
				GCC_WARN_64_TO_32_BIT_CONVERSION = YES;
				GCC_WARN_ABOUT_RETURN_TYPE = YES_ERROR;
				GCC_WARN_UNDECLARED_SELECTOR = YES;
				GCC_WARN_UNINITIALIZED_AUTOS = YES_AGGRESSIVE;
				GCC_WARN_UNUSED_FUNCTION = YES;
				GCC_WARN_UNUSED_VARIABLE = YES;
				IPHONEOS_DEPLOYMENT_TARGET = 26.0;
				LOCALIZATION_PREFERS_STRING_CATALOGS = YES;
				MTL_ENABLE_DEBUG_INFO = INCLUDE_SOURCE;
				MTL_FAST_MATH = YES;
				ONLY_ACTIVE_ARCH = YES;
				SDKROOT = iphoneos;
				SWIFT_ACTIVE_COMPILATION_CONDITIONS = "DEBUG $(inherited)";
				SWIFT_OPTIMIZATION_LEVEL = "-Onone";
			};
			name = Debug;
		};
		513B48242EC8F1BD000AECD6 /* Release */ = {
			isa = XCBuildConfiguration;
			buildSettings = {
				ALWAYS_SEARCH_USER_PATHS = NO;
				ASSETCATALOG_COMPILER_GENERATE_SWIFT_ASSET_SYMBOL_EXTENSIONS = YES;
				CLANG_ANALYZER_NONNULL = YES;
				CLANG_ANALYZER_NUMBER_OBJECT_CONVERSION = YES_AGGRESSIVE;
				CLANG_CXX_LANGUAGE_STANDARD = "gnu++20";
				CLANG_ENABLE_MODULES = YES;
				CLANG_ENABLE_OBJC_ARC = YES;
				CLANG_ENABLE_OBJC_WEAK = YES;
				CLANG_WARN_BLOCK_CAPTURE_AUTORELEASING = YES;
				CLANG_WARN_BOOL_CONVERSION = YES;
				CLANG_WARN_COMMA = YES;
				CLANG_WARN_CONSTANT_CONVERSION = YES;
				CLANG_WARN_DEPRECATED_OBJC_IMPLEMENTATIONS = YES;
				CLANG_WARN_DIRECT_OBJC_ISA_USAGE = YES_ERROR;
				CLANG_WARN_DOCUMENTATION_COMMENTS = YES;
				CLANG_WARN_EMPTY_BODY = YES;
				CLANG_WARN_ENUM_CONVERSION = YES;
				CLANG_WARN_INFINITE_RECURSION = YES;
				CLANG_WARN_INT_CONVERSION = YES;
				CLANG_WARN_NON_LITERAL_NULL_CONVERSION = YES;
				CLANG_WARN_OBJC_IMPLICIT_RETAIN_SELF = YES;
				CLANG_WARN_OBJC_LITERAL_CONVERSION = YES;
				CLANG_WARN_OBJC_ROOT_CLASS = YES_ERROR;
				CLANG_WARN_QUOTED_INCLUDE_IN_FRAMEWORK_HEADER = YES;
				CLANG_WARN_RANGE_LOOP_ANALYSIS = YES;
				CLANG_WARN_STRICT_PROTOTYPES = YES;
				CLANG_WARN_SUSPICIOUS_MOVE = YES;
				CLANG_WARN_UNGUARDED_AVAILABILITY = YES_AGGRESSIVE;
				CLANG_WARN_UNREACHABLE_CODE = YES;
				CLANG_WARN__DUPLICATE_METHOD_MATCH = YES;
				COPY_PHASE_STRIP = NO;
				DEBUG_INFORMATION_FORMAT = "dwarf-with-dsym";
				DEFINES_MODULE = YES;
				DEVELOPMENT_TEAM = JLJHA5D6V7;
				ENABLE_NS_ASSERTIONS = NO;
				ENABLE_STRICT_OBJC_MSGSEND = YES;
				ENABLE_USER_SCRIPT_SANDBOXING = YES;
				GCC_C_LANGUAGE_STANDARD = gnu17;
				GCC_NO_COMMON_BLOCKS = YES;
				GCC_WARN_64_TO_32_BIT_CONVERSION = YES;
				GCC_WARN_ABOUT_RETURN_TYPE = YES_ERROR;
				GCC_WARN_UNDECLARED_SELECTOR = YES;
				GCC_WARN_UNINITIALIZED_AUTOS = YES_AGGRESSIVE;
				GCC_WARN_UNUSED_FUNCTION = YES;
				GCC_WARN_UNUSED_VARIABLE = YES;
				IPHONEOS_DEPLOYMENT_TARGET = 26.0;
				LOCALIZATION_PREFERS_STRING_CATALOGS = YES;
				MTL_ENABLE_DEBUG_INFO = NO;
				MTL_FAST_MATH = YES;
				SDKROOT = iphoneos;
				SWIFT_COMPILATION_MODE = wholemodule;
				VALIDATE_PRODUCT = YES;
			};
			name = Release;
		};
		513B48262EC8F1BD000AECD6 /* Debug */ = {
			isa = XCBuildConfiguration;
			buildSettings = {
				ASSETCATALOG_COMPILER_APPICON_NAME = AppIcon;
				ASSETCATALOG_COMPILER_GLOBAL_ACCENT_COLOR_NAME = AccentColor;
				CODE_SIGN_STYLE = Automatic;
				CURRENT_PROJECT_VERSION = 1;
				DEVELOPMENT_TEAM = CWBAF94KUZ;
				ENABLE_PREVIEWS = YES;
				GENERATE_INFOPLIST_FILE = YES;
				INFOPLIST_FILE = KapitosApp/Info.plist;
				INFOPLIST_KEY_UIApplicationSceneManifest_Generation = YES;
				INFOPLIST_KEY_UIApplicationSupportsIndirectInputEvents = YES;
				INFOPLIST_KEY_UILaunchScreen_Generation = YES;
				INFOPLIST_KEY_UISupportedInterfaceOrientations_iPad = "UIInterfaceOrientationPortrait UIInterfaceOrientationPortraitUpsideDown UIInterfaceOrientationLandscapeLeft UIInterfaceOrientationLandscapeRight";
				INFOPLIST_KEY_UISupportedInterfaceOrientations_iPhone = "UIInterfaceOrientationPortrait UIInterfaceOrientationLandscapeLeft UIInterfaceOrientationLandscapeRight";
				LD_RUNPATH_SEARCH_PATHS = (
					"$(inherited)",
					"@executable_path/Frameworks",
				);
				MARKETING_VERSION = 1.0;
				PRODUCT_BUNDLE_IDENTIFIER = name.luisacardona.KapitosApp;
				PRODUCT_NAME = "$(TARGET_NAME)";
				STRING_CATALOG_GENERATE_SYMBOLS = YES;
				SWIFT_APPROACHABLE_CONCURRENCY = YES;
				SWIFT_DEFAULT_ACTOR_ISOLATION = MainActor;
				SWIFT_EMIT_LOC_STRINGS = YES;
				SWIFT_UPCOMING_FEATURE_MEMBER_IMPORT_VISIBILITY = YES;
				SWIFT_VERSION = 5.0;
				TARGETED_DEVICE_FAMILY = "1,2";
			};
			name = Debug;
		};
		513B48272EC8F1BD000AECD6 /* Release */ = {
			isa = XCBuildConfiguration;
			buildSettings = {
				ASSETCATALOG_COMPILER_APPICON_NAME = AppIcon;
				ASSETCATALOG_COMPILER_GLOBAL_ACCENT_COLOR_NAME = AccentColor;
				CODE_SIGN_STYLE = Automatic;
				CURRENT_PROJECT_VERSION = 1;
				DEVELOPMENT_TEAM = CWBAF94KUZ;
				ENABLE_PREVIEWS = YES;
				GENERATE_INFOPLIST_FILE = YES;
				INFOPLIST_FILE = KapitosApp/Info.plist;
				INFOPLIST_KEY_UIApplicationSceneManifest_Generation = YES;
				INFOPLIST_KEY_UIApplicationSupportsIndirectInputEvents = YES;
				INFOPLIST_KEY_UILaunchScreen_Generation = YES;
				INFOPLIST_KEY_UISupportedInterfaceOrientations_iPad = "UIInterfaceOrientationPortrait UIInterfaceOrientationPortraitUpsideDown UIInterfaceOrientationLandscapeLeft UIInterfaceOrientationLandscapeRight";
				INFOPLIST_KEY_UISupportedInterfaceOrientations_iPhone = "UIInterfaceOrientationPortrait UIInterfaceOrientationLandscapeLeft UIInterfaceOrientationLandscapeRight";
				LD_RUNPATH_SEARCH_PATHS = (
					"$(inherited)",
					"@executable_path/Frameworks",
				);
				MARKETING_VERSION = 1.0;
				PRODUCT_BUNDLE_IDENTIFIER = name.luisacardona.KapitosApp;
				PRODUCT_NAME = "$(TARGET_NAME)";
				STRING_CATALOG_GENERATE_SYMBOLS = YES;
				SWIFT_APPROACHABLE_CONCURRENCY = YES;
				SWIFT_DEFAULT_ACTOR_ISOLATION = MainActor;
				SWIFT_EMIT_LOC_STRINGS = YES;
				SWIFT_UPCOMING_FEATURE_MEMBER_IMPORT_VISIBILITY = YES;
				SWIFT_VERSION = 5.0;
				TARGETED_DEVICE_FAMILY = "1,2";
			};
			name = Release;
		};
		A17161202ED7576200FAC5BC /* Debug */ = {
			isa = XCBuildConfiguration;
			buildSettings = {
				BUNDLE_LOADER = "$(TEST_HOST)";
				CODE_SIGN_STYLE = Automatic;
				CURRENT_PROJECT_VERSION = 1;
				DEVELOPMENT_TEAM = CWBAF94KUZ;
				GENERATE_INFOPLIST_FILE = YES;
				MARKETING_VERSION = 1.0;
				PRODUCT_BUNDLE_IDENTIFIER = com.leobardo.KapitosAppTests;
				PRODUCT_NAME = "$(TARGET_NAME)";
				STRING_CATALOG_GENERATE_SYMBOLS = NO;
				SWIFT_APPROACHABLE_CONCURRENCY = YES;
				SWIFT_EMIT_LOC_STRINGS = NO;
				SWIFT_UPCOMING_FEATURE_MEMBER_IMPORT_VISIBILITY = YES;
				SWIFT_VERSION = 5.0;
				TARGETED_DEVICE_FAMILY = "1,2";
				TEST_HOST = "$(BUILT_PRODUCTS_DIR)/KapitosApp.app/$(BUNDLE_EXECUTABLE_FOLDER_PATH)/KapitosApp";
			};
			name = Debug;
		};
		A17161212ED7576200FAC5BC /* Release */ = {
			isa = XCBuildConfiguration;
			buildSettings = {
				BUNDLE_LOADER = "$(TEST_HOST)";
				CODE_SIGN_STYLE = Automatic;
				CURRENT_PROJECT_VERSION = 1;
				DEVELOPMENT_TEAM = CWBAF94KUZ;
				GENERATE_INFOPLIST_FILE = YES;
				MARKETING_VERSION = 1.0;
				PRODUCT_BUNDLE_IDENTIFIER = com.leobardo.KapitosAppTests;
				PRODUCT_NAME = "$(TARGET_NAME)";
				STRING_CATALOG_GENERATE_SYMBOLS = NO;
				SWIFT_APPROACHABLE_CONCURRENCY = YES;
				SWIFT_EMIT_LOC_STRINGS = NO;
				SWIFT_UPCOMING_FEATURE_MEMBER_IMPORT_VISIBILITY = YES;
				SWIFT_VERSION = 5.0;
				TARGETED_DEVICE_FAMILY = "1,2";
				TEST_HOST = "$(BUILT_PRODUCTS_DIR)/KapitosApp.app/$(BUNDLE_EXECUTABLE_FOLDER_PATH)/KapitosApp";
			};
			name = Release;
		};
/* End XCBuildConfiguration section */

/* Begin XCConfigurationList section */
		513B48152EC8F1B3000AECD6 /* Build configuration list for PBXProject "KapitosApp" */ = {
			isa = XCConfigurationList;
			buildConfigurations = (
				513B48232EC8F1BD000AECD6 /* Debug */,
				513B48242EC8F1BD000AECD6 /* Release */,
			);
			defaultConfigurationIsVisible = 0;
			defaultConfigurationName = Release;
		};
		513B48252EC8F1BD000AECD6 /* Build configuration list for PBXNativeTarget "KapitosApp" */ = {
			isa = XCConfigurationList;
			buildConfigurations = (
				513B48262EC8F1BD000AECD6 /* Debug */,
				513B48272EC8F1BD000AECD6 /* Release */,
			);
			defaultConfigurationIsVisible = 0;
			defaultConfigurationName = Release;
		};
		A171611F2ED7576200FAC5BC /* Build configuration list for PBXNativeTarget "KapitosAppTests" */ = {
			isa = XCConfigurationList;
			buildConfigurations = (
				A17161202ED7576200FAC5BC /* Debug */,
				A17161212ED7576200FAC5BC /* Release */,
			);
			defaultConfigurationIsVisible = 0;
			defaultConfigurationName = Release;
		};
/* End XCConfigurationList section */

/* Begin XCRemoteSwiftPackageReference section */
		A1B1BBAB2ED422F100FB58D5 /* XCRemoteSwiftPackageReference "supabase-swift" */ = {
			isa = XCRemoteSwiftPackageReference;
			repositoryURL = "https://github.com/supabase-community/supabase-swift";
			requirement = {
				kind = upToNextMajorVersion;
				minimumVersion = 2.5.1;
			};
		};
/* End XCRemoteSwiftPackageReference section */

/* Begin XCSwiftPackageProductDependency section */
		A1715E3E2ED4277500FAC5BC /* Supabase */ = {
			isa = XCSwiftPackageProductDependency;
			package = A1B1BBAB2ED422F100FB58D5 /* XCRemoteSwiftPackageReference "supabase-swift" */;
			productName = Supabase;
		};
		A1B1BBAC2ED422F100FB58D5 /* Auth */ = {
			isa = XCSwiftPackageProductDependency;
			package = A1B1BBAB2ED422F100FB58D5 /* XCRemoteSwiftPackageReference "supabase-swift" */;
			productName = Auth;
		};
		A1B1BBAE2ED422F100FB58D5 /* Functions */ = {
			isa = XCSwiftPackageProductDependency;
			package = A1B1BBAB2ED422F100FB58D5 /* XCRemoteSwiftPackageReference "supabase-swift" */;
			productName = Functions;
		};
		A1B1BBB02ED422F100FB58D5 /* PostgREST */ = {
			isa = XCSwiftPackageProductDependency;
			package = A1B1BBAB2ED422F100FB58D5 /* XCRemoteSwiftPackageReference "supabase-swift" */;
			productName = PostgREST;
		};
		A1B1BBB22ED422F100FB58D5 /* Realtime */ = {
			isa = XCSwiftPackageProductDependency;
			package = A1B1BBAB2ED422F100FB58D5 /* XCRemoteSwiftPackageReference "supabase-swift" */;
			productName = Realtime;
		};
		A1B1BBB42ED422F100FB58D5 /* Storage */ = {
			isa = XCSwiftPackageProductDependency;
			package = A1B1BBAB2ED422F100FB58D5 /* XCRemoteSwiftPackageReference "supabase-swift" */;
			productName = Storage;
		};
/* End XCSwiftPackageProductDependency section */
	};
	rootObject = 513B48122EC8F1B3000AECD6 /* Project object */;
}
